
Microsoft Visual Studio Solution File, Format Version 12.00
# Visual Studio Version 17
VisualStudioVersion = 17.14.36717.8
MinimumVisualStudioVersion = 10.0.40219.1
Project("{8BC9CEB8-8B4A-11D0-8D11-00A0C91BC942}") = "Program lee", "Program lee.vcxproj", "{134FDB3B-4A5E-4671-8CCF-656D3178EA6C}"
EndProject
Project("{8BC9CEB8-8B4A-11D0-8D11-00A0C91BC942}") = "Class3th (Bit)", "..\Class3th (Bit)\Class3th (Bit).vcxproj", "{3B0C0EB7-EF9D-4320-A39A-7BD320F665CF}"
EndProject
Project("{8BC9CEB8-8B4A-11D0-8D11-00A0C91BC942}") = "Class4th (overflow & underflow)", "..\Class4th (overflow & underflow)\Class4th (overflow & underflow).vcxproj", "{0FD934D5-F75D-47E1-B451-5E1424C8DEBD}"
EndProject
Global
	GlobalSection(SolutionConfigurationPlatforms) = preSolution
		Debug|x64 = Debug|x64
		Debug|x86 = Debug|x86
		Release|x64 = Release|x64
		Release|x86 = Release|x86
	EndGlobalSection
	GlobalSection(ProjectConfigurationPlatforms) = postSolution
		{134FDB3B-4A5E-4671-8CCF-656D3178EA6C}.Debug|x64.ActiveCfg = Debug|x64
		{134FDB3B-4A5E-4671-8CCF-656D3178EA6C}.Debug|x64.Build.0 = Debug|x64
		{134FDB3B-4A5E-4671-8CCF-656D3178EA6C}.Debug|x86.ActiveCfg = Debug|Win32
		{134FDB3B-4A5E-4671-8CCF-656D3178EA6C}.Debug|x86.Build.0 = Debug|Win32
		{134FDB3B-4A5E-4671-8CCF-656D3178EA6C}.Release|x64.ActiveCfg = Release|x64
		{134FDB3B-4A5E-4671-8CCF-656D3178EA6C}.Release|x64.Build.0 = Release|x64
		{134FDB3B-4A5E-4671-8CCF-656D3178EA6C}.Release|x86.ActiveCfg = Release|Win32
		{134FDB3B-4A5E-4671-8CCF-656D3178EA6C}.Release|x86.Build.0 = Release|Win32
		{3B0C0EB7-EF9D-4320-A39A-7BD320F665CF}.Debug|x64.ActiveCfg = Debug|x64
		{3B0C0EB7-EF9D-4320-A39A-7BD320F665CF}.Debug|x64.Build.0 = Debug|x64
		{3B0C0EB7-EF9D-4320-A39A-7BD320F665CF}.Debug|x86.ActiveCfg = Debug|Win32
		{3B0C0EB7-EF9D-4320-A39A-7BD320F665CF}.Debug|x86.Build.0 = Debug|Win32
		{3B0C0EB7-EF9D-4320-A39A-7BD320F665CF}.Release|x64.ActiveCfg = Release|x64
		{3B0C0EB7-EF9D-4320-A39A-7BD320F665CF}.Release|x64.Build.0 = Release|x64
		{3B0C0EB7-EF9D-4320-A39A-7BD320F665CF}.Release|x86.ActiveCfg = Release|Win32
		{3B0C0EB7-EF9D-4320-A39A-7BD320F665CF}.Release|x86.Build.0 = Release|Win32
		{0FD934D5-F75D-47E1-B451-5E1424C8DEBD}.Debug|x64.ActiveCfg = Debug|x64
		{0FD934D5-F75D-47E1-B451-5E1424C8DEBD}.Debug|x64.Build.0 = Debug|x64
		{0FD934D5-F75D-47E1-B451-5E1424C8DEBD}.Debug|x86.ActiveCfg = Debug|Win32
		{0FD934D5-F75D-47E1-B451-5E1424C8DEBD}.Debug|x86.Build.0 = Debug|Win32
		{0FD934D5-F75D-47E1-B451-5E1424C8DEBD}.Release|x64.ActiveCfg = Release|x64
		{0FD934D5-F75D-47E1-B451-5E1424C8DEBD}.Release|x64.Build.0 = Release|x64
		{0FD934D5-F75D-47E1-B451-5E1424C8DEBD}.Release|x86.ActiveCfg = Release|Win32
		{0FD934D5-F75D-47E1-B451-5E1424C8DEBD}.Release|x86.Build.0 = Release|Win32
	EndGlobalSection
	GlobalSection(SolutionProperties) = preSolution
		HideSolutionNode = FALSE
	EndGlobalSection
	GlobalSection(ExtensibilityGlobals) = postSolution
		SolutionGuid = {37DDFE66-4227-4F59-A3B5-2B7F8738407A}
	EndGlobalSection
EndGlobal
