
Microsoft Visual Studio Solution File, Format Version 12.00
# Visual Studio Version 18
VisualStudioVersion = 18.4.11612.150
MinimumVisualStudioVersion = 10.0.40219.1
Project("{8BC9CEB8-8B4A-11D0-8D11-00A0C91BC942}") = "Program lee", "Program lee.vcxproj", "{134FDB3B-4A5E-4671-8CCF-656D3178EA6C}"
EndProject
Project("{8BC9CEB8-8B4A-11D0-8D11-00A0C91BC942}") = "Class1th (comfile)", "..\Class1th (comfile)\Class1th (comfile).vcxproj", "{3EAB13C3-A839-4422-8F40-8758E6B5618F}"
EndProject
Project("{8BC9CEB8-8B4A-11D0-8D11-00A0C91BC942}") = "Class2th (Variable & constant)", "..\Class2th (Variable & constant)\Class2th (Variable & constant).vcxproj", "{BAA3B1C6-AE2F-4BF7-B0B2-250F4E7EC8EC}"
EndProject
Project("{8BC9CEB8-8B4A-11D0-8D11-00A0C91BC942}") = "Class3th (Bit)", "..\Project1ㅁㅂ\Project1ㅁㅂ.vcxproj", "{A45D31E9-6553-4D83-B329-0A57C8919BED}"
EndProject
Project("{8BC9CEB8-8B4A-11D0-8D11-00A0C91BC942}") = "Class4th (overflow & underflow)", "..\Project1\Project1.vcxproj", "{E75306C7-A4D7-4D66-BA6A-384A4BF8B305}"
EndProject
Project("{8BC9CEB8-8B4A-11D0-8D11-00A0C91BC942}") = "Class5th (Conditional Statement)", "..\Class5th (Conditional Statement)\Class5th (Conditional Statement).vcxproj", "{D7B44AB5-02F3-4BB5-8462-2BDCE1124AAA}"
EndProject
Project("{8BC9CEB8-8B4A-11D0-8D11-00A0C91BC942}") = "Class6th (Iteration Statement)", "..\Class6th (Iteration Statement)\Class6th (Iteration Statement).vcxproj", "{5AA23F1A-C505-4890-862A-F394E0973331}"
EndProject
Project("{8BC9CEB8-8B4A-11D0-8D11-00A0C91BC942}") = "Class7th (Preprocessor)", "..\Class7th (Preprocessor)\Class7th (Preprocessor).vcxproj", "{0EE82C3B-F4AF-4144-BA7F-B530253F5F2F}"
EndProject
Project("{8BC9CEB8-8B4A-11D0-8D11-00A0C91BC942}") = "Class8th (pointer)", "..\Class8th (pointer)\Class8th (pointer).vcxproj", "{5DA2B0B5-899F-4130-93CF-EE4BAA652F8C}"
EndProject
Project("{8BC9CEB8-8B4A-11D0-8D11-00A0C91BC942}") = "Class9th (Array)", "..\Class9th(Array)\Class9th(Array).vcxproj", "{83BBEADD-D846-4F54-BDB3-C50DC08876BF}"
EndProject
Project("{8BC9CEB8-8B4A-11D0-8D11-00A0C91BC942}") = "Class10th (Funtion)", "..\Class10th (Funtion)\Class10th (Funtion).vcxproj", "{7C512F83-C46C-4B30-BF4E-CCC5161643E0}"
EndProject
Project("{8BC9CEB8-8B4A-11D0-8D11-00A0C91BC942}") = "Class11th (storage)", "..\Class11th (storage)\Class11th (storage).vcxproj", "{9BAE0A74-D4A6-482E-9679-49935F9A2CD0}"
EndProject
Project("{8BC9CEB8-8B4A-11D0-8D11-00A0C91BC942}") = "숙제", "..\숙제\숙제.vcxproj", "{2C9391F0-BC1E-425C-AE99-7B74599D8391}"
EndProject
Project("{8BC9CEB8-8B4A-11D0-8D11-00A0C91BC942}") = "Class12th (Dynamic Allocation)", "..\Class12th (Dynamic Allocation)\Class12th (Dynamic Allocation).vcxproj", "{764C7B25-D61B-47C1-877A-456739C1AE45}"
EndProject
Global
	GlobalSection(SolutionConfigurationPlatforms) = preSolution
		Debug|x64 = Debug|x64
		Debug|x86 = Debug|x86
		Release|x64 = Release|x64
		Release|x86 = Release|x86
	EndGlobalSection
	GlobalSection(ProjectConfigurationPlatforms) = postSolution
		{134FDB3B-4A5E-4671-8CCF-656D3178EA6C}.Debug|x64.ActiveCfg = Debug|x64
		{134FDB3B-4A5E-4671-8CCF-656D3178EA6C}.Debug|x64.Build.0 = Debug|x64
		{134FDB3B-4A5E-4671-8CCF-656D3178EA6C}.Debug|x86.ActiveCfg = Debug|Win32
		{134FDB3B-4A5E-4671-8CCF-656D3178EA6C}.Debug|x86.Build.0 = Debug|Win32
		{134FDB3B-4A5E-4671-8CCF-656D3178EA6C}.Release|x64.ActiveCfg = Release|x64
		{134FDB3B-4A5E-4671-8CCF-656D3178EA6C}.Release|x64.Build.0 = Release|x64
		{134FDB3B-4A5E-4671-8CCF-656D3178EA6C}.Release|x86.ActiveCfg = Release|Win32
		{134FDB3B-4A5E-4671-8CCF-656D3178EA6C}.Release|x86.Build.0 = Release|Win32
		{3EAB13C3-A839-4422-8F40-8758E6B5618F}.Debug|x64.ActiveCfg = Debug|x64
		{3EAB13C3-A839-4422-8F40-8758E6B5618F}.Debug|x64.Build.0 = Debug|x64
		{3EAB13C3-A839-4422-8F40-8758E6B5618F}.Debug|x86.ActiveCfg = Debug|Win32
		{3EAB13C3-A839-4422-8F40-8758E6B5618F}.Debug|x86.Build.0 = Debug|Win32
		{3EAB13C3-A839-4422-8F40-8758E6B5618F}.Release|x64.ActiveCfg = Release|x64
		{3EAB13C3-A839-4422-8F40-8758E6B5618F}.Release|x64.Build.0 = Release|x64
		{3EAB13C3-A839-4422-8F40-8758E6B5618F}.Release|x86.ActiveCfg = Release|Win32
		{3EAB13C3-A839-4422-8F40-8758E6B5618F}.Release|x86.Build.0 = Release|Win32
		{BAA3B1C6-AE2F-4BF7-B0B2-250F4E7EC8EC}.Debug|x64.ActiveCfg = Debug|x64
		{BAA3B1C6-AE2F-4BF7-B0B2-250F4E7EC8EC}.Debug|x64.Build.0 = Debug|x64
		{BAA3B1C6-AE2F-4BF7-B0B2-250F4E7EC8EC}.Debug|x86.ActiveCfg = Debug|Win32
		{BAA3B1C6-AE2F-4BF7-B0B2-250F4E7EC8EC}.Debug|x86.Build.0 = Debug|Win32
		{BAA3B1C6-AE2F-4BF7-B0B2-250F4E7EC8EC}.Release|x64.ActiveCfg = Release|x64
		{BAA3B1C6-AE2F-4BF7-B0B2-250F4E7EC8EC}.Release|x64.Build.0 = Release|x64
		{BAA3B1C6-AE2F-4BF7-B0B2-250F4E7EC8EC}.Release|x86.ActiveCfg = Release|Win32
		{BAA3B1C6-AE2F-4BF7-B0B2-250F4E7EC8EC}.Release|x86.Build.0 = Release|Win32
		{A45D31E9-6553-4D83-B329-0A57C8919BED}.Debug|x64.ActiveCfg = Debug|x64
		{A45D31E9-6553-4D83-B329-0A57C8919BED}.Debug|x64.Build.0 = Debug|x64
		{A45D31E9-6553-4D83-B329-0A57C8919BED}.Debug|x86.ActiveCfg = Debug|Win32
		{A45D31E9-6553-4D83-B329-0A57C8919BED}.Debug|x86.Build.0 = Debug|Win32
		{A45D31E9-6553-4D83-B329-0A57C8919BED}.Release|x64.ActiveCfg = Release|x64
		{A45D31E9-6553-4D83-B329-0A57C8919BED}.Release|x64.Build.0 = Release|x64
		{A45D31E9-6553-4D83-B329-0A57C8919BED}.Release|x86.ActiveCfg = Release|Win32
		{A45D31E9-6553-4D83-B329-0A57C8919BED}.Release|x86.Build.0 = Release|Win32
		{E75306C7-A4D7-4D66-BA6A-384A4BF8B305}.Debug|x64.ActiveCfg = Debug|x64
		{E75306C7-A4D7-4D66-BA6A-384A4BF8B305}.Debug|x64.Build.0 = Debug|x64
		{E75306C7-A4D7-4D66-BA6A-384A4BF8B305}.Debug|x86.ActiveCfg = Debug|Win32
		{E75306C7-A4D7-4D66-BA6A-384A4BF8B305}.Debug|x86.Build.0 = Debug|Win32
		{E75306C7-A4D7-4D66-BA6A-384A4BF8B305}.Release|x64.ActiveCfg = Release|x64
		{E75306C7-A4D7-4D66-BA6A-384A4BF8B305}.Release|x64.Build.0 = Release|x64
		{E75306C7-A4D7-4D66-BA6A-384A4BF8B305}.Release|x86.ActiveCfg = Release|Win32
		{E75306C7-A4D7-4D66-BA6A-384A4BF8B305}.Release|x86.Build.0 = Release|Win32
		{D7B44AB5-02F3-4BB5-8462-2BDCE1124AAA}.Debug|x64.ActiveCfg = Debug|x64
		{D7B44AB5-02F3-4BB5-8462-2BDCE1124AAA}.Debug|x64.Build.0 = Debug|x64
		{D7B44AB5-02F3-4BB5-8462-2BDCE1124AAA}.Debug|x86.ActiveCfg = Debug|Win32
		{D7B44AB5-02F3-4BB5-8462-2BDCE1124AAA}.Debug|x86.Build.0 = Debug|Win32
		{D7B44AB5-02F3-4BB5-8462-2BDCE1124AAA}.Release|x64.ActiveCfg = Release|x64
		{D7B44AB5-02F3-4BB5-8462-2BDCE1124AAA}.Release|x64.Build.0 = Release|x64
		{D7B44AB5-02F3-4BB5-8462-2BDCE1124AAA}.Release|x86.ActiveCfg = Release|Win32
		{D7B44AB5-02F3-4BB5-8462-2BDCE1124AAA}.Release|x86.Build.0 = Release|Win32
		{5AA23F1A-C505-4890-862A-F394E0973331}.Debug|x64.ActiveCfg = Debug|x64
		{5AA23F1A-C505-4890-862A-F394E0973331}.Debug|x64.Build.0 = Debug|x64
		{5AA23F1A-C505-4890-862A-F394E0973331}.Debug|x86.ActiveCfg = Debug|Win32
		{5AA23F1A-C505-4890-862A-F394E0973331}.Debug|x86.Build.0 = Debug|Win32
		{5AA23F1A-C505-4890-862A-F394E0973331}.Release|x64.ActiveCfg = Release|x64
		{5AA23F1A-C505-4890-862A-F394E0973331}.Release|x64.Build.0 = Release|x64
		{5AA23F1A-C505-4890-862A-F394E0973331}.Release|x86.ActiveCfg = Release|Win32
		{5AA23F1A-C505-4890-862A-F394E0973331}.Release|x86.Build.0 = Release|Win32
		{0EE82C3B-F4AF-4144-BA7F-B530253F5F2F}.Debug|x64.ActiveCfg = Debug|x64
		{0EE82C3B-F4AF-4144-BA7F-B530253F5F2F}.Debug|x64.Build.0 = Debug|x64
		{0EE82C3B-F4AF-4144-BA7F-B530253F5F2F}.Debug|x86.ActiveCfg = Debug|Win32
		{0EE82C3B-F4AF-4144-BA7F-B530253F5F2F}.Debug|x86.Build.0 = Debug|Win32
		{0EE82C3B-F4AF-4144-BA7F-B530253F5F2F}.Release|x64.ActiveCfg = Release|x64
		{0EE82C3B-F4AF-4144-BA7F-B530253F5F2F}.Release|x64.Build.0 = Release|x64
		{0EE82C3B-F4AF-4144-BA7F-B530253F5F2F}.Release|x86.ActiveCfg = Release|Win32
		{0EE82C3B-F4AF-4144-BA7F-B530253F5F2F}.Release|x86.Build.0 = Release|Win32
		{5DA2B0B5-899F-4130-93CF-EE4BAA652F8C}.Debug|x64.ActiveCfg = Debug|x64
		{5DA2B0B5-899F-4130-93CF-EE4BAA652F8C}.Debug|x64.Build.0 = Debug|x64
		{5DA2B0B5-899F-4130-93CF-EE4BAA652F8C}.Debug|x86.ActiveCfg = Debug|Win32
		{5DA2B0B5-899F-4130-93CF-EE4BAA652F8C}.Debug|x86.Build.0 = Debug|Win32
		{5DA2B0B5-899F-4130-93CF-EE4BAA652F8C}.Release|x64.ActiveCfg = Release|x64
		{5DA2B0B5-899F-4130-93CF-EE4BAA652F8C}.Release|x64.Build.0 = Release|x64
		{5DA2B0B5-899F-4130-93CF-EE4BAA652F8C}.Release|x86.ActiveCfg = Release|Win32
		{5DA2B0B5-899F-4130-93CF-EE4BAA652F8C}.Release|x86.Build.0 = Release|Win32
		{83BBEADD-D846-4F54-BDB3-C50DC08876BF}.Debug|x64.ActiveCfg = Debug|x64
		{83BBEADD-D846-4F54-BDB3-C50DC08876BF}.Debug|x64.Build.0 = Debug|x64
		{83BBEADD-D846-4F54-BDB3-C50DC08876BF}.Debug|x86.ActiveCfg = Debug|Win32
		{83BBEADD-D846-4F54-BDB3-C50DC08876BF}.Debug|x86.Build.0 = Debug|Win32
		{83BBEADD-D846-4F54-BDB3-C50DC08876BF}.Release|x64.ActiveCfg = Release|x64
		{83BBEADD-D846-4F54-BDB3-C50DC08876BF}.Release|x64.Build.0 = Release|x64
		{83BBEADD-D846-4F54-BDB3-C50DC08876BF}.Release|x86.ActiveCfg = Release|Win32
		{83BBEADD-D846-4F54-BDB3-C50DC08876BF}.Release|x86.Build.0 = Release|Win32
		{7C512F83-C46C-4B30-BF4E-CCC5161643E0}.Debug|x64.ActiveCfg = Debug|x64
		{7C512F83-C46C-4B30-BF4E-CCC5161643E0}.Debug|x64.Build.0 = Debug|x64
		{7C512F83-C46C-4B30-BF4E-CCC5161643E0}.Debug|x86.ActiveCfg = Debug|Win32
		{7C512F83-C46C-4B30-BF4E-CCC5161643E0}.Debug|x86.Build.0 = Debug|Win32
		{7C512F83-C46C-4B30-BF4E-CCC5161643E0}.Release|x64.ActiveCfg = Release|x64
		{7C512F83-C46C-4B30-BF4E-CCC5161643E0}.Release|x64.Build.0 = Release|x64
		{7C512F83-C46C-4B30-BF4E-CCC5161643E0}.Release|x86.ActiveCfg = Release|Win32
		{7C512F83-C46C-4B30-BF4E-CCC5161643E0}.Release|x86.Build.0 = Release|Win32
		{9BAE0A74-D4A6-482E-9679-49935F9A2CD0}.Debug|x64.ActiveCfg = Debug|x64
		{9BAE0A74-D4A6-482E-9679-49935F9A2CD0}.Debug|x64.Build.0 = Debug|x64
		{9BAE0A74-D4A6-482E-9679-49935F9A2CD0}.Debug|x86.ActiveCfg = Debug|Win32
		{9BAE0A74-D4A6-482E-9679-49935F9A2CD0}.Debug|x86.Build.0 = Debug|Win32
		{9BAE0A74-D4A6-482E-9679-49935F9A2CD0}.Release|x64.ActiveCfg = Release|x64
		{9BAE0A74-D4A6-482E-9679-49935F9A2CD0}.Release|x64.Build.0 = Release|x64
		{9BAE0A74-D4A6-482E-9679-49935F9A2CD0}.Release|x86.ActiveCfg = Release|Win32
		{9BAE0A74-D4A6-482E-9679-49935F9A2CD0}.Release|x86.Build.0 = Release|Win32
		{2C9391F0-BC1E-425C-AE99-7B74599D8391}.Debug|x64.ActiveCfg = Debug|x64
		{2C9391F0-BC1E-425C-AE99-7B74599D8391}.Debug|x64.Build.0 = Debug|x64
		{2C9391F0-BC1E-425C-AE99-7B74599D8391}.Debug|x86.ActiveCfg = Debug|Win32
		{2C9391F0-BC1E-425C-AE99-7B74599D8391}.Debug|x86.Build.0 = Debug|Win32
		{2C9391F0-BC1E-425C-AE99-7B74599D8391}.Release|x64.ActiveCfg = Release|x64
		{2C9391F0-BC1E-425C-AE99-7B74599D8391}.Release|x64.Build.0 = Release|x64
		{2C9391F0-BC1E-425C-AE99-7B74599D8391}.Release|x86.ActiveCfg = Release|Win32
		{2C9391F0-BC1E-425C-AE99-7B74599D8391}.Release|x86.Build.0 = Release|Win32
		{764C7B25-D61B-47C1-877A-456739C1AE45}.Debug|x64.ActiveCfg = Debug|x64
		{764C7B25-D61B-47C1-877A-456739C1AE45}.Debug|x64.Build.0 = Debug|x64
		{764C7B25-D61B-47C1-877A-456739C1AE45}.Debug|x86.ActiveCfg = Debug|Win32
		{764C7B25-D61B-47C1-877A-456739C1AE45}.Debug|x86.Build.0 = Debug|Win32
		{764C7B25-D61B-47C1-877A-456739C1AE45}.Release|x64.ActiveCfg = Release|x64
		{764C7B25-D61B-47C1-877A-456739C1AE45}.Release|x64.Build.0 = Release|x64
		{764C7B25-D61B-47C1-877A-456739C1AE45}.Release|x86.ActiveCfg = Release|Win32
		{764C7B25-D61B-47C1-877A-456739C1AE45}.Release|x86.Build.0 = Release|Win32
	EndGlobalSection
	GlobalSection(SolutionProperties) = preSolution
		HideSolutionNode = FALSE
	EndGlobalSection
	GlobalSection(ExtensibilityGlobals) = postSolution
		SolutionGuid = {37DDFE66-4227-4F59-A3B5-2B7F8738407A}
	EndGlobalSection
EndGlobal
